// !$*UTF8*$!
{
	archiveVersion = 1;
	classes = {
	};
	objectVersion = 48;
	objects = {

/* Begin PBXBuildFile section */
		DA0A51062069F74A006DA183 /* libTypeModeling.dylib in Frameworks */ = {isa = PBXBuildFile; fileRef = DA0A50F12069F72B006DA183 /* libTypeModeling.dylib */; };
		DA0A51102069F797006DA183 /* PythonObject.swift in Sources */ = {isa = PBXBuildFile; fileRef = DA0A510D2069F797006DA183 /* PythonObject.swift */; };
		DA0A51112069F797006DA183 /* PythonString.swift in Sources */ = {isa = PBXBuildFile; fileRef = DA0A510E2069F797006DA183 /* PythonString.swift */; };
		DA0A51122069F797006DA183 /* PythonType.swift in Sources */ = {isa = PBXBuildFile; fileRef = DA0A510F2069F797006DA183 /* PythonType.swift */; };
		DA0A51142069F7AC006DA183 /* PythonObjectTests.swift in Sources */ = {isa = PBXBuildFile; fileRef = DA0A51132069F7AC006DA183 /* PythonObjectTests.swift */; };
/* End PBXBuildFile section */

/* Begin PBXContainerItemProxy section */
		DA0A51072069F74A006DA183 /* PBXContainerItemProxy */ = {
			isa = PBXContainerItemProxy;
			containerPortal = DA0A50E92069F72B006DA183 /* Project object */;
			proxyType = 1;
			remoteGlobalIDString = DA0A50F02069F72B006DA183;
			remoteInfo = TypeModeling;
		};
/* End PBXContainerItemProxy section */

/* Begin PBXFileReference section */
		DA0A50F12069F72B006DA183 /* libTypeModeling.dylib */ = {isa = PBXFileReference; explicitFileType = "compiled.mach-o.dylib"; includeInIndex = 0; path = libTypeModeling.dylib; sourceTree = BUILT_PRODUCTS_DIR; };
		DA0A51012069F74A006DA183 /* Tests.xctest */ = {isa = PBXFileReference; explicitFileType = wrapper.cfbundle; includeInIndex = 0; path = Tests.xctest; sourceTree = BUILT_PRODUCTS_DIR; };
		DA0A51052069F74A006DA183 /* Info.plist */ = {isa = PBXFileReference; lastKnownFileType = text.plist.xml; path = Info.plist; sourceTree = "<group>"; };
		DA0A510D2069F797006DA183 /* PythonObject.swift */ = {isa = PBXFileReference; fileEncoding = 4; lastKnownFileType = sourcecode.swift; path = PythonObject.swift; sourceTree = "<group>"; };
		DA0A510E2069F797006DA183 /* PythonString.swift */ = {isa = PBXFileReference; fileEncoding = 4; lastKnownFileType = sourcecode.swift; path = PythonString.swift; sourceTree = "<group>"; };
		DA0A510F2069F797006DA183 /* PythonType.swift */ = {isa = PBXFileReference; fileEncoding = 4; lastKnownFileType = sourcecode.swift; path = PythonType.swift; sourceTree = "<group>"; };
		DA0A51132069F7AC006DA183 /* PythonObjectTests.swift */ = {isa = PBXFileReference; fileEncoding = 4; lastKnownFileType = sourcecode.swift; path = PythonObjectTests.swift; sourceTree = "<group>"; };
/* End PBXFileReference section */

/* Begin PBXFrameworksBuildPhase section */
		DA0A50EE2069F72B006DA183 /* Frameworks */ = {
			isa = PBXFrameworksBuildPhase;
			buildActionMask = 2147483647;
			files = (
			);
			runOnlyForDeploymentPostprocessing = 0;
		};
		DA0A50FE2069F74A006DA183 /* Frameworks */ = {
			isa = PBXFrameworksBuildPhase;
			buildActionMask = 2147483647;
			files = (
				DA0A51062069F74A006DA183 /* libTypeModeling.dylib in Frameworks */,
			);
			runOnlyForDeploymentPostprocessing = 0;
		};
/* End PBXFrameworksBuildPhase section */

/* Begin PBXGroup section */
		DA0A50E82069F72B006DA183 = {
			isa = PBXGroup;
			children = (
				DA0A50F32069F72B006DA183 /* Source */,
				DA0A51022069F74A006DA183 /* Tests */,
				DA0A50F22069F72B006DA183 /* Products */,
			);
			sourceTree = "<group>";
		};
		DA0A50F22069F72B006DA183 /* Products */ = {
			isa = PBXGroup;
			children = (
				DA0A50F12069F72B006DA183 /* libTypeModeling.dylib */,
				DA0A51012069F74A006DA183 /* Tests.xctest */,
			);
			name = Products;
			sourceTree = "<group>";
		};
		DA0A50F32069F72B006DA183 /* Source */ = {
			isa = PBXGroup;
			children = (
				DA0A510C2069F797006DA183 /* Python attr lookup */,
			);
			path = Source;
			sourceTree = "<group>";
		};
		DA0A51022069F74A006DA183 /* Tests */ = {
			isa = PBXGroup;
			children = (
				DA0A51132069F7AC006DA183 /* PythonObjectTests.swift */,
				DA0A51052069F74A006DA183 /* Info.plist */,
			);
			path = Tests;
			sourceTree = "<group>";
		};
		DA0A510C2069F797006DA183 /* Python attr lookup */ = {
			isa = PBXGroup;
			children = (
				DA0A510D2069F797006DA183 /* PythonObject.swift */,
				DA0A510E2069F797006DA183 /* PythonString.swift */,
				DA0A510F2069F797006DA183 /* PythonType.swift */,
			);
			path = "Python attr lookup";
			sourceTree = "<group>";
		};
/* End PBXGroup section */

/* Begin PBXHeadersBuildPhase section */
		DA0A50EF2069F72B006DA183 /* Headers */ = {
			isa = PBXHeadersBuildPhase;
			buildActionMask = 2147483647;
			files = (
			);
			runOnlyForDeploymentPostprocessing = 0;
		};
/* End PBXHeadersBuildPhase section */

/* Begin PBXNativeTarget section */
		DA0A50F02069F72B006DA183 /* TypeModeling */ = {
			isa = PBXNativeTarget;
			buildConfigurationList = DA0A50FA2069F72B006DA183 /* Build configuration list for PBXNativeTarget "TypeModeling" */;
			buildPhases = (
				DA0A50ED2069F72B006DA183 /* Sources */,
				DA0A50EE2069F72B006DA183 /* Frameworks */,
				DA0A50EF2069F72B006DA183 /* Headers */,
			);
			buildRules = (
			);
			dependencies = (
			);
			name = TypeModeling;
			productName = TypeModeling;
			productReference = DA0A50F12069F72B006DA183 /* libTypeModeling.dylib */;
			productType = "com.apple.product-type.library.dynamic";
		};
		DA0A51002069F74A006DA183 /* Tests */ = {
			isa = PBXNativeTarget;
			buildConfigurationList = DA0A51092069F74A006DA183 /* Build configuration list for PBXNativeTarget "Tests" */;
			buildPhases = (
				DA0A50FD2069F74A006DA183 /* Sources */,
				DA0A50FE2069F74A006DA183 /* Frameworks */,
				DA0A50FF2069F74A006DA183 /* Resources */,
			);
			buildRules = (
			);
			dependencies = (
				DA0A51082069F74A006DA183 /* PBXTargetDependency */,
			);
			name = Tests;
			productName = Tests;
			productReference = DA0A51012069F74A006DA183 /* Tests.xctest */;
			productType = "com.apple.product-type.bundle.unit-test";
		};
/* End PBXNativeTarget section */

/* Begin PBXProject section */
		DA0A50E92069F72B006DA183 /* Project object */ = {
			isa = PBXProject;
			attributes = {
				LastSwiftUpdateCheck = 0920;
				LastUpgradeCheck = 0920;
				ORGANIZATIONNAME = "Comp 394";
				TargetAttributes = {
					DA0A50F02069F72B006DA183 = {
						CreatedOnToolsVersion = 9.2;
						ProvisioningStyle = Automatic;
					};
					DA0A51002069F74A006DA183 = {
						CreatedOnToolsVersion = 9.2;
						ProvisioningStyle = Automatic;
					};
				};
			};
			buildConfigurationList = DA0A50EC2069F72B006DA183 /* Build configuration list for PBXProject "TypeModeling" */;
			compatibilityVersion = "Xcode 8.0";
			developmentRegion = en;
			hasScannedForEncodings = 0;
			knownRegions = (
				en,
			);
			mainGroup = DA0A50E82069F72B006DA183;
			productRefGroup = DA0A50F22069F72B006DA183 /* Products */;
			projectDirPath = "";
			projectRoot = "";
			targets = (
				DA0A50F02069F72B006DA183 /* TypeModeling */,
				DA0A51002069F74A006DA183 /* Tests */,
			);
		};
/* End PBXProject section */

/* Begin PBXResourcesBuildPhase section */
		DA0A50FF2069F74A006DA183 /* Resources */ = {
			isa = PBXResourcesBuildPhase;
			buildActionMask = 2147483647;
			files = (
			);
			runOnlyForDeploymentPostprocessing = 0;
		};
/* End PBXResourcesBuildPhase section */

/* Begin PBXSourcesBuildPhase section */
		DA0A50ED2069F72B006DA183 /* Sources */ = {
			isa = PBXSourcesBuildPhase;
			buildActionMask = 2147483647;
			files = (
				DA0A51112069F797006DA183 /* PythonString.swift in Sources */,
				DA0A51102069F797006DA183 /* PythonObject.swift in Sources */,
				DA0A51122069F797006DA183 /* PythonType.swift in Sources */,
			);
			runOnlyForDeploymentPostprocessing = 0;
		};
		DA0A50FD2069F74A006DA183 /* Sources */ = {
			isa = PBXSourcesBuildPhase;
			buildActionMask = 2147483647;
			files = (
				DA0A51142069F7AC006DA183 /* PythonObjectTests.swift in Sources */,
			);
			runOnlyForDeploymentPostprocessing = 0;
		};
/* End PBXSourcesBuildPhase section */

/* Begin PBXTargetDependency section */
		DA0A51082069F74A006DA183 /* PBXTargetDependency */ = {
			isa = PBXTargetDependency;
			target = DA0A50F02069F72B006DA183 /* TypeModeling */;
			targetProxy = DA0A51072069F74A006DA183 /* PBXContainerItemProxy */;
		};
/* End PBXTargetDependency section */

/* Begin XCBuildConfiguration section */
		DA0A50F82069F72B006DA183 /* Debug */ = {
			isa = XCBuildConfiguration;
			buildSettings = {
				ALWAYS_SEARCH_USER_PATHS = NO;
				CLANG_ANALYZER_NONNULL = YES;
				CLANG_ANALYZER_NUMBER_OBJECT_CONVERSION = YES_AGGRESSIVE;
				CLANG_CXX_LANGUAGE_STANDARD = "gnu++14";
				CLANG_CXX_LIBRARY = "libc++";
				CLANG_ENABLE_MODULES = YES;
				CLANG_ENABLE_OBJC_ARC = YES;
				CLANG_WARN_BLOCK_CAPTURE_AUTORELEASING = YES;
				CLANG_WARN_BOOL_CONVERSION = YES;
				CLANG_WARN_COMMA = YES;
				CLANG_WARN_CONSTANT_CONVERSION = YES;
				CLANG_WARN_DIRECT_OBJC_ISA_USAGE = YES_ERROR;
				CLANG_WARN_DOCUMENTATION_COMMENTS = YES;
				CLANG_WARN_EMPTY_BODY = YES;
				CLANG_WARN_ENUM_CONVERSION = YES;
				CLANG_WARN_INFINITE_RECURSION = YES;
				CLANG_WARN_INT_CONVERSION = YES;
				CLANG_WARN_NON_LITERAL_NULL_CONVERSION = YES;
				CLANG_WARN_OBJC_LITERAL_CONVERSION = YES;
				CLANG_WARN_OBJC_ROOT_CLASS = YES_ERROR;
				CLANG_WARN_RANGE_LOOP_ANALYSIS = YES;
				CLANG_WARN_STRICT_PROTOTYPES = YES;
				CLANG_WARN_SUSPICIOUS_MOVE = YES;
				CLANG_WARN_UNGUARDED_AVAILABILITY = YES_AGGRESSIVE;
				CLANG_WARN_UNREACHABLE_CODE = YES;
				CLANG_WARN__DUPLICATE_METHOD_MATCH = YES;
				CODE_SIGN_IDENTITY = "Mac Developer";
				COPY_PHASE_STRIP = NO;
				DEBUG_INFORMATION_FORMAT = dwarf;
				ENABLE_STRICT_OBJC_MSGSEND = YES;
				ENABLE_TESTABILITY = YES;
				GCC_C_LANGUAGE_STANDARD = gnu11;
				GCC_DYNAMIC_NO_PIC = NO;
				GCC_NO_COMMON_BLOCKS = YES;
				GCC_OPTIMIZATION_LEVEL = 0;
				GCC_PREPROCESSOR_DEFINITIONS = (
					"DEBUG=1",
					"$(inherited)",
				);
				GCC_WARN_64_TO_32_BIT_CONVERSION = YES;
				GCC_WARN_ABOUT_RETURN_TYPE = YES_ERROR;
				GCC_WARN_UNDECLARED_SELECTOR = YES;
				GCC_WARN_UNINITIALIZED_AUTOS = YES_AGGRESSIVE;
				GCC_WARN_UNUSED_FUNCTION = YES;
				GCC_WARN_UNUSED_VARIABLE = YES;
				MACOSX_DEPLOYMENT_TARGET = 10.13;
				MTL_ENABLE_DEBUG_INFO = YES;
				ONLY_ACTIVE_ARCH = YES;
				SDKROOT = macosx;
			};
			name = Debug;
		};
		DA0A50F92069F72B006DA183 /* Release */ = {
			isa = XCBuildConfiguration;
			buildSettings = {
				ALWAYS_SEARCH_USER_PATHS = NO;
				CLANG_ANALYZER_NONNULL = YES;
				CLANG_ANALYZER_NUMBER_OBJECT_CONVERSION = YES_AGGRESSIVE;
				CLANG_CXX_LANGUAGE_STANDARD = "gnu++14";
				CLANG_CXX_LIBRARY = "libc++";
				CLANG_ENABLE_MODULES = YES;
				CLANG_ENABLE_OBJC_ARC = YES;
				CLANG_WARN_BLOCK_CAPTURE_AUTORELEASING = YES;
				CLANG_WARN_BOOL_CONVERSION = YES;
				CLANG_WARN_COMMA = YES;
				CLANG_WARN_CONSTANT_CONVERSION = YES;
				CLANG_WARN_DIRECT_OBJC_ISA_USAGE = YES_ERROR;
				CLANG_WARN_DOCUMENTATION_COMMENTS = YES;
				CLANG_WARN_EMPTY_BODY = YES;
				CLANG_WARN_ENUM_CONVERSION = YES;
				CLANG_WARN_INFINITE_RECURSION = YES;
				CLANG_WARN_INT_CONVERSION = YES;
				CLANG_WARN_NON_LITERAL_NULL_CONVERSION = YES;
				CLANG_WARN_OBJC_LITERAL_CONVERSION = YES;
				CLANG_WARN_OBJC_ROOT_CLASS = YES_ERROR;
				CLANG_WARN_RANGE_LOOP_ANALYSIS = YES;
				CLANG_WARN_STRICT_PROTOTYPES = YES;
				CLANG_WARN_SUSPICIOUS_MOVE = YES;
				CLANG_WARN_UNGUARDED_AVAILABILITY = YES_AGGRESSIVE;
				CLANG_WARN_UNREACHABLE_CODE = YES;
				CLANG_WARN__DUPLICATE_METHOD_MATCH = YES;
				CODE_SIGN_IDENTITY = "Mac Developer";
				COPY_PHASE_STRIP = NO;
				DEBUG_INFORMATION_FORMAT = "dwarf-with-dsym";
				ENABLE_NS_ASSERTIONS = NO;
				ENABLE_STRICT_OBJC_MSGSEND = YES;
				GCC_C_LANGUAGE_STANDARD = gnu11;
				GCC_NO_COMMON_BLOCKS = YES;
				GCC_WARN_64_TO_32_BIT_CONVERSION = YES;
				GCC_WARN_ABOUT_RETURN_TYPE = YES_ERROR;
				GCC_WARN_UNDECLARED_SELECTOR = YES;
				GCC_WARN_UNINITIALIZED_AUTOS = YES_AGGRESSIVE;
				GCC_WARN_UNUSED_FUNCTION = YES;
				GCC_WARN_UNUSED_VARIABLE = YES;
				MACOSX_DEPLOYMENT_TARGET = 10.13;
				MTL_ENABLE_DEBUG_INFO = NO;
				SDKROOT = macosx;
			};
			name = Release;
		};
		DA0A50FB2069F72B006DA183 /* Debug */ = {
			isa = XCBuildConfiguration;
			buildSettings = {
				CODE_SIGN_STYLE = Automatic;
				DEVELOPMENT_TEAM = 5YQFPR9H45;
				DYLIB_COMPATIBILITY_VERSION = 1;
				DYLIB_CURRENT_VERSION = 1;
				EXECUTABLE_PREFIX = lib;
				PRODUCT_NAME = "$(TARGET_NAME)";
				SWIFT_VERSION = 4.0;
			};
			name = Debug;
		};
		DA0A50FC2069F72B006DA183 /* Release */ = {
			isa = XCBuildConfiguration;
			buildSettings = {
				CODE_SIGN_STYLE = Automatic;
				DEVELOPMENT_TEAM = 5YQFPR9H45;
				DYLIB_COMPATIBILITY_VERSION = 1;
				DYLIB_CURRENT_VERSION = 1;
				EXECUTABLE_PREFIX = lib;
				PRODUCT_NAME = "$(TARGET_NAME)";
				SWIFT_VERSION = 4.0;
			};
			name = Release;
		};
		DA0A510A2069F74A006DA183 /* Debug */ = {
			isa = XCBuildConfiguration;
			buildSettings = {
				ALWAYS_EMBED_SWIFT_STANDARD_LIBRARIES = YES;
				CODE_SIGN_STYLE = Automatic;
				COMBINE_HIDPI_IMAGES = YES;
				DEVELOPMENT_TEAM = 5YQFPR9H45;
				INFOPLIST_FILE = Tests/Info.plist;
				LD_RUNPATH_SEARCH_PATHS = "$(inherited) @executable_path/../Frameworks @loader_path/../Frameworks";
				PRODUCT_BUNDLE_IDENTIFIER = edu.macalester.comp394.Tests;
				PRODUCT_NAME = "$(TARGET_NAME)";
				SWIFT_ACTIVE_COMPILATION_CONDITIONS = DEBUG;
				SWIFT_OPTIMIZATION_LEVEL = "-Onone";
				SWIFT_VERSION = 4.0;
			};
			name = Debug;
		};
		DA0A510B2069F74A006DA183 /* Release */ = {
			isa = XCBuildConfiguration;
			buildSettings = {
				ALWAYS_EMBED_SWIFT_STANDARD_LIBRARIES = YES;
				CODE_SIGN_STYLE = Automatic;
				COMBINE_HIDPI_IMAGES = YES;
				DEVELOPMENT_TEAM = 5YQFPR9H45;
				INFOPLIST_FILE = Tests/Info.plist;
				LD_RUNPATH_SEARCH_PATHS = "$(inherited) @executable_path/../Frameworks @loader_path/../Frameworks";
				PRODUCT_BUNDLE_IDENTIFIER = edu.macalester.comp394.Tests;
				PRODUCT_NAME = "$(TARGET_NAME)";
				SWIFT_OPTIMIZATION_LEVEL = "-Owholemodule";
				SWIFT_VERSION = 4.0;
			};
			name = Release;
		};
/* End XCBuildConfiguration section */

/* Begin XCConfigurationList section */
		DA0A50EC2069F72B006DA183 /* Build configuration list for PBXProject "TypeModeling" */ = {
			isa = XCConfigurationList;
			buildConfigurations = (
				DA0A50F82069F72B006DA183 /* Debug */,
				DA0A50F92069F72B006DA183 /* Release */,
			);
			defaultConfigurationIsVisible = 0;
			defaultConfigurationName = Release;
		};
		DA0A50FA2069F72B006DA183 /* Build configuration list for PBXNativeTarget "TypeModeling" */ = {
			isa = XCConfigurationList;
			buildConfigurations = (
				DA0A50FB2069F72B006DA183 /* Debug */,
				DA0A50FC2069F72B006DA183 /* Release */,
			);
			defaultConfigurationIsVisible = 0;
			defaultConfigurationName = Release;
		};
		DA0A51092069F74A006DA183 /* Build configuration list for PBXNativeTarget "Tests" */ = {
			isa = XCConfigurationList;
			buildConfigurations = (
				DA0A510A2069F74A006DA183 /* Debug */,
				DA0A510B2069F74A006DA183 /* Release */,
			);
			defaultConfigurationIsVisible = 0;
			defaultConfigurationName = Release;
		};
/* End XCConfigurationList section */
	};
	rootObject = DA0A50E92069F72B006DA183 /* Project object */;
}
